<?xml version="1.0" encoding="utf-8"?>
<Project ToolsVersion="4.0" xmlns="http://schemas.microsoft.com/developer/msbuild/2003">
  <ItemGroup>
    <Filter Include="Archivos de origen">
      <UniqueIdentifier>{4FC737F1-C7A5-4376-A066-2A32D752A2FF}</UniqueIdentifier>
      <Extensions>cpp;c;cc;cxx;c++;cppm;ixx;def;odl;idl;hpj;bat;asm;asmx</Extensions>
    </Filter>
    <Filter Include="Archivos de encabezado">
      <UniqueIdentifier>{93995380-89BD-4b04-88EB-625FBE52EBFB}</UniqueIdentifier>
      <Extensions>h;hh;hpp;hxx;h++;hm;inl;inc;ipp;xsd</Extensions>
    </Filter>
    <Filter Include="Archivos de recursos">
      <UniqueIdentifier>{67DA6AB6-F800-4c08-8B7A-83BB121AAD01}</UniqueIdentifier>
      <Extensions>rc;ico;cur;bmp;dlg;rc2;rct;bin;rgs;gif;jpg;jpeg;jpe;resx;tiff;tif;png;wav;mfcribbon-ms</Extensions>
    </Filter>
  </ItemGroup>
  <ItemGroup>
    <ClInclude Include="src\Game.h">
      <Filter>Archivos de recursos</Filter>
    </ClInclude>
    <ClInclude Include="src\Render.h">
      <Filter>Archivos de recursos</Filter>
    </ClInclude>
    <ClInclude Include="src\Ship.h">
      <Filter>Archivos de recursos</Filter>
    </ClInclude>
    <ClInclude Include="src\Textures.h">
      <Filter>Archivos de recursos</Filter>
    </ClInclude>
    <ClInclude Include="src\Bullet.h">
      <Filter>Archivos de recursos</Filter>
    </ClInclude>
    <ClInclude Include="src\HorizontalBullet.h">
      <Filter>Archivos de recursos</Filter>
    </ClInclude>
    <ClInclude Include="src\InclinedBullet.h">
      <Filter>Archivos de recursos</Filter>
    </ClInclude>
    <ClInclude Include="src\Missile.h">
      <Filter>Archivos de recursos</Filter>
    </ClInclude>
    <ClInclude Include="src\Laser.h">
      <Filter>Archivos de recursos</Filter>
    </ClInclude>
    <ClInclude Include="src\Shield.h">
      <Filter>Archivos de recursos</Filter>
    </ClInclude>
    <ClInclude Include="src\Sprites.h">
      <Filter>Archivos de recursos</Filter>
    </ClInclude>
    <ClInclude Include="src\Option.h">
      <Filter>Archivos de recursos</Filter>
    </ClInclude>
    <ClInclude Include="src\Menu.h">
      <Filter>Archivos de recursos</Filter>
    </ClInclude>
    <ClInclude Include="src\ScrollBackground.h">
      <Filter>Archivos de recursos</Filter>
    </ClInclude>
    <ClInclude Include="src\Level.h">
      <Filter>Archivos de recursos</Filter>
    </ClInclude>
    <ClInclude Include="src\Enemy.h">
      <Filter>Archivos de recursos</Filter>
    </ClInclude>
    <ClInclude Include="src\Vecs.h">
      <Filter>Archivos de recursos</Filter>
    </ClInclude>
    <ClInclude Include="src\Enemy0.h">
      <Filter>Archivos de recursos</Filter>
    </ClInclude>
    <ClInclude Include="src\Upgrade.h">
      <Filter>Archivos de recursos</Filter>
    </ClInclude>
    <ClInclude Include="src\Enemy1.h">
      <Filter>Archivos de recursos</Filter>
    </ClInclude>
    <ClInclude Include="src\Enemy2.h">
      <Filter>Archivos de recursos</Filter>
    </ClInclude>
    <ClInclude Include="src\Enemy3.h">
      <Filter>Archivos de recursos</Filter>
    </ClInclude>
    <ClInclude Include="src\EnemyBullet.h">
      <Filter>Archivos de recursos</Filter>
    </ClInclude>
    <ClInclude Include="src\Enemy4.h">
      <Filter>Archivos de recursos</Filter>
    </ClInclude>
    <ClInclude Include="src\Mountain.h">
      <Filter>Archivos de recursos</Filter>
    </ClInclude>
    <ClInclude Include="src\Enemy5.h">
      <Filter>Archivos de recursos</Filter>
    </ClInclude>
    <ClInclude Include="src\Enemy6.h">
      <Filter>Archivos de recursos</Filter>
    </ClInclude>
    <ClInclude Include="src\Enemy7.h">
      <Filter>Archivos de recursos</Filter>
    </ClInclude>
    <ClInclude Include="src\Enemy8.h">
      <Filter>Archivos de recursos</Filter>
    </ClInclude>
    <ClInclude Include="src\Enemy9.h">
      <Filter>Archivos de recursos</Filter>
    </ClInclude>
  </ItemGroup>
  <ItemGroup>
    <ClCompile Include="src\Game.cpp">
      <Filter>Archivos de recursos</Filter>
    </ClCompile>
    <ClCompile Include="src\Main.cpp">
      <Filter>Archivos de recursos</Filter>
    </ClCompile>
    <ClCompile Include="src\Render.cpp">
      <Filter>Archivos de recursos</Filter>
    </ClCompile>
    <ClCompile Include="src\Ship.cpp">
      <Filter>Archivos de recursos</Filter>
    </ClCompile>
    <ClCompile Include="src\Textures.cpp">
      <Filter>Archivos de recursos</Filter>
    </ClCompile>
    <ClCompile Include="src\Bullet.cpp">
      <Filter>Archivos de recursos</Filter>
    </ClCompile>
    <ClCompile Include="src\HorizontalBullet.cpp">
      <Filter>Archivos de recursos</Filter>
    </ClCompile>
    <ClCompile Include="src\InclinedBullet.cpp">
      <Filter>Archivos de recursos</Filter>
    </ClCompile>
    <ClCompile Include="src\Missile.cpp">
      <Filter>Archivos de recursos</Filter>
    </ClCompile>
    <ClCompile Include="src\Laser.cpp">
      <Filter>Archivos de recursos</Filter>
    </ClCompile>
    <ClCompile Include="src\Shield.cpp">
      <Filter>Archivos de recursos</Filter>
    </ClCompile>
    <ClCompile Include="src\Sprites.cpp">
      <Filter>Archivos de recursos</Filter>
    </ClCompile>
    <ClCompile Include="src\Option.cpp">
      <Filter>Archivos de recursos</Filter>
    </ClCompile>
    <ClCompile Include="src\Menu.cpp">
      <Filter>Archivos de recursos</Filter>
    </ClCompile>
    <ClCompile Include="src\ScrollBackground.cpp">
      <Filter>Archivos de recursos</Filter>
    </ClCompile>
    <ClCompile Include="src\Level.cpp">
      <Filter>Archivos de recursos</Filter>
    </ClCompile>
    <ClCompile Include="src\Enemy.cpp">
      <Filter>Archivos de recursos</Filter>
    </ClCompile>
    <ClCompile Include="src\Enemy0.cpp">
      <Filter>Archivos de recursos</Filter>
    </ClCompile>
    <ClCompile Include="src\Upgrade.cpp">
      <Filter>Archivos de recursos</Filter>
    </ClCompile>
    <ClCompile Include="src\Enemy1.cpp">
      <Filter>Archivos de recursos</Filter>
    </ClCompile>
    <ClCompile Include="src\Enemy2.cpp">
      <Filter>Archivos de recursos</Filter>
    </ClCompile>
    <ClCompile Include="src\Enemy3.cpp">
      <Filter>Archivos de recursos</Filter>
    </ClCompile>
    <ClCompile Include="src\EnemyBullet.cpp">
      <Filter>Archivos de recursos</Filter>
    </ClCompile>
    <ClCompile Include="src\Enemy4.cpp">
      <Filter>Archivos de recursos</Filter>
    </ClCompile>
    <ClCompile Include="src\Mountain.cpp">
      <Filter>Archivos de recursos</Filter>
    </ClCompile>
    <ClCompile Include="src\Enemy5.cpp">
      <Filter>Archivos de recursos</Filter>
    </ClCompile>
    <ClCompile Include="src\Enemy6.cpp">
      <Filter>Archivos de recursos</Filter>
    </ClCompile>
    <ClCompile Include="src\Enemy7.cpp">
      <Filter>Archivos de recursos</Filter>
    </ClCompile>
    <ClCompile Include="src\Enemy8.cpp">
      <Filter>Archivos de recursos</Filter>
    </ClCompile>
    <ClCompile Include="src\Enemy9.cpp">
      <Filter>Archivos de recursos</Filter>
    </ClCompile>
  </ItemGroup>
</Project>